// !$*UTF8*$!
{
	archiveVersion = 1;
	classes = {
	};
	objectVersion = 46;
	objects = {

/* Begin PBXBuildFile section */
		3F00F7511EDB44DC002DBE9E /* newathu5.ttf in Resources */ = {isa = PBXBuildFile; fileRef = 3F00F7501EDB44DC002DBE9E /* newathu5.ttf */; };
		3F00F7571EDE6DCC002DBE9E /* philolog_us.sqlite in Resources */ = {isa = PBXBuildFile; fileRef = 3F00F7561EDE6DCC002DBE9E /* philolog_us.sqlite */; };
		3F00F75A1EDE6FD2002DBE9E /* philolog_us.sqlite-wal in Resources */ = {isa = PBXBuildFile; fileRef = 3F00F7581EDE6FD2002DBE9E /* philolog_us.sqlite-wal */; };
		3F00F75B1EDE6FD2002DBE9E /* philolog_us.sqlite-shm in Resources */ = {isa = PBXBuildFile; fileRef = 3F00F7591EDE6FD2002DBE9E /* philolog_us.sqlite-shm */; };
		3F00F7641EE0ADE2002DBE9E /* LatinDefs+CoreDataClass.swift in Sources */ = {isa = PBXBuildFile; fileRef = 3F00F75C1EE0ADE2002DBE9E /* LatinDefs+CoreDataClass.swift */; };
		3F00F7651EE0ADE2002DBE9E /* LatinDefs+CoreDataProperties.swift in Sources */ = {isa = PBXBuildFile; fileRef = 3F00F75D1EE0ADE2002DBE9E /* LatinDefs+CoreDataProperties.swift */; };
		3F00F7661EE0ADE2002DBE9E /* GreekWords+CoreDataClass.swift in Sources */ = {isa = PBXBuildFile; fileRef = 3F00F75E1EE0ADE2002DBE9E /* GreekWords+CoreDataClass.swift */; };
		3F00F7671EE0ADE2002DBE9E /* GreekWords+CoreDataProperties.swift in Sources */ = {isa = PBXBuildFile; fileRef = 3F00F75F1EE0ADE2002DBE9E /* GreekWords+CoreDataProperties.swift */; };
		3F00F7681EE0ADE2002DBE9E /* LatinWords+CoreDataClass.swift in Sources */ = {isa = PBXBuildFile; fileRef = 3F00F7601EE0ADE2002DBE9E /* LatinWords+CoreDataClass.swift */; };
		3F00F7691EE0ADE2002DBE9E /* LatinWords+CoreDataProperties.swift in Sources */ = {isa = PBXBuildFile; fileRef = 3F00F7611EE0ADE2002DBE9E /* LatinWords+CoreDataProperties.swift */; };
		3F00F76A1EE0ADE2002DBE9E /* GreekDefs+CoreDataClass.swift in Sources */ = {isa = PBXBuildFile; fileRef = 3F00F7621EE0ADE2002DBE9E /* GreekDefs+CoreDataClass.swift */; };
		3F00F76B1EE0ADE2002DBE9E /* GreekDefs+CoreDataProperties.swift in Sources */ = {isa = PBXBuildFile; fileRef = 3F00F7631EE0ADE2002DBE9E /* GreekDefs+CoreDataProperties.swift */; };
		3F0D2E681EE48DDA00B34C62 /* HCAccentButton.swift in Sources */ = {isa = PBXBuildFile; fileRef = 3F0D2E561EE48DDA00B34C62 /* HCAccentButton.swift */; };
		3F0D2E691EE48DDA00B34C62 /* HCbutton.swift in Sources */ = {isa = PBXBuildFile; fileRef = 3F0D2E571EE48DDA00B34C62 /* HCbutton.swift */; };
		3F0D2E6A1EE48DDA00B34C62 /* HCCapsLockButton.swift in Sources */ = {isa = PBXBuildFile; fileRef = 3F0D2E581EE48DDA00B34C62 /* HCCapsLockButton.swift */; };
		3F0D2E6B1EE48DDA00B34C62 /* HCDeleteButton.swift in Sources */ = {isa = PBXBuildFile; fileRef = 3F0D2E591EE48DDA00B34C62 /* HCDeleteButton.swift */; };
		3F0D2E6C1EE48DDA00B34C62 /* HCEnterButton.swift in Sources */ = {isa = PBXBuildFile; fileRef = 3F0D2E5A1EE48DDA00B34C62 /* HCEnterButton.swift */; };
		3F0D2E6D1EE48DDA00B34C62 /* HCGlobeButton.swift in Sources */ = {isa = PBXBuildFile; fileRef = 3F0D2E5B1EE48DDA00B34C62 /* HCGlobeButton.swift */; };
		3F0D2E6E1EE48DDA00B34C62 /* HCPunctuationButton.swift in Sources */ = {isa = PBXBuildFile; fileRef = 3F0D2E5E1EE48DDA00B34C62 /* HCPunctuationButton.swift */; };
		3F0D2E6F1EE48DDA00B34C62 /* HCSpaceButton.swift in Sources */ = {isa = PBXBuildFile; fileRef = 3F0D2E5F1EE48DDA00B34C62 /* HCSpaceButton.swift */; };
		3F0D2E701EE48DDA00B34C62 /* Info.plist in Resources */ = {isa = PBXBuildFile; fileRef = 3F0D2E601EE48DDA00B34C62 /* Info.plist */; };
		3F0D2E711EE48DDA00B34C62 /* KeyboardViewController.swift in Sources */ = {isa = PBXBuildFile; fileRef = 3F0D2E611EE48DDA00B34C62 /* KeyboardViewController.swift */; };
		3F0D2E721EE48DDA00B34C62 /* accent.c in Sources */ = {isa = PBXBuildFile; fileRef = 3F0D2E631EE48DDA00B34C62 /* accent.c */; };
		3F0D2E731EE48DDA00B34C62 /* utilities.c in Sources */ = {isa = PBXBuildFile; fileRef = 3F0D2E661EE48DDA00B34C62 /* utilities.c */; };
		3F85E8251ED27380007633D2 /* AppDelegate.swift in Sources */ = {isa = PBXBuildFile; fileRef = 3F85E8241ED27380007633D2 /* AppDelegate.swift */; };
		3F85E8281ED27380007633D2 /* philolog_us.xcdatamodeld in Sources */ = {isa = PBXBuildFile; fileRef = 3F85E8261ED27380007633D2 /* philolog_us.xcdatamodeld */; };
		3F85E82A1ED27380007633D2 /* MasterViewController.swift in Sources */ = {isa = PBXBuildFile; fileRef = 3F85E8291ED27380007633D2 /* MasterViewController.swift */; };
		3F85E82C1ED27380007633D2 /* DetailViewController.swift in Sources */ = {isa = PBXBuildFile; fileRef = 3F85E82B1ED27380007633D2 /* DetailViewController.swift */; };
		3F85E82F1ED27380007633D2 /* Main.storyboard in Resources */ = {isa = PBXBuildFile; fileRef = 3F85E82D1ED27380007633D2 /* Main.storyboard */; };
		3F85E8311ED27380007633D2 /* Assets.xcassets in Resources */ = {isa = PBXBuildFile; fileRef = 3F85E8301ED27380007633D2 /* Assets.xcassets */; };
		3F85E8341ED27380007633D2 /* LaunchScreen.storyboard in Resources */ = {isa = PBXBuildFile; fileRef = 3F85E8321ED27380007633D2 /* LaunchScreen.storyboard */; };
		3F9B9BE31EEF6E0500DF500E /* Settings.bundle in Resources */ = {isa = PBXBuildFile; fileRef = 3F9B9BE21EEF6E0500DF500E /* Settings.bundle */; };
		3FC05D341F75C68F007BBFBA /* HCKeyboardView.swift in Sources */ = {isa = PBXBuildFile; fileRef = 3FC05D331F75C68F007BBFBA /* HCKeyboardView.swift */; };
/* End PBXBuildFile section */

/* Begin PBXFileReference section */
		3F00F7501EDB44DC002DBE9E /* newathu5.ttf */ = {isa = PBXFileReference; lastKnownFileType = file; path = newathu5.ttf; sourceTree = "<group>"; };
		3F00F7561EDE6DCC002DBE9E /* philolog_us.sqlite */ = {isa = PBXFileReference; lastKnownFileType = file; path = philolog_us.sqlite; sourceTree = "<group>"; };
		3F00F7581EDE6FD2002DBE9E /* philolog_us.sqlite-wal */ = {isa = PBXFileReference; fileEncoding = 4; lastKnownFileType = text; path = "philolog_us.sqlite-wal"; sourceTree = "<group>"; };
		3F00F7591EDE6FD2002DBE9E /* philolog_us.sqlite-shm */ = {isa = PBXFileReference; lastKnownFileType = file; path = "philolog_us.sqlite-shm"; sourceTree = "<group>"; };
		3F00F75C1EE0ADE2002DBE9E /* LatinDefs+CoreDataClass.swift */ = {isa = PBXFileReference; fileEncoding = 4; lastKnownFileType = sourcecode.swift; path = "LatinDefs+CoreDataClass.swift"; sourceTree = "<group>"; };
		3F00F75D1EE0ADE2002DBE9E /* LatinDefs+CoreDataProperties.swift */ = {isa = PBXFileReference; fileEncoding = 4; lastKnownFileType = sourcecode.swift; path = "LatinDefs+CoreDataProperties.swift"; sourceTree = "<group>"; };
		3F00F75E1EE0ADE2002DBE9E /* GreekWords+CoreDataClass.swift */ = {isa = PBXFileReference; fileEncoding = 4; lastKnownFileType = sourcecode.swift; path = "GreekWords+CoreDataClass.swift"; sourceTree = "<group>"; };
		3F00F75F1EE0ADE2002DBE9E /* GreekWords+CoreDataProperties.swift */ = {isa = PBXFileReference; fileEncoding = 4; lastKnownFileType = sourcecode.swift; path = "GreekWords+CoreDataProperties.swift"; sourceTree = "<group>"; };
		3F00F7601EE0ADE2002DBE9E /* LatinWords+CoreDataClass.swift */ = {isa = PBXFileReference; fileEncoding = 4; lastKnownFileType = sourcecode.swift; path = "LatinWords+CoreDataClass.swift"; sourceTree = "<group>"; };
		3F00F7611EE0ADE2002DBE9E /* LatinWords+CoreDataProperties.swift */ = {isa = PBXFileReference; fileEncoding = 4; lastKnownFileType = sourcecode.swift; path = "LatinWords+CoreDataProperties.swift"; sourceTree = "<group>"; };
		3F00F7621EE0ADE2002DBE9E /* GreekDefs+CoreDataClass.swift */ = {isa = PBXFileReference; fileEncoding = 4; lastKnownFileType = sourcecode.swift; path = "GreekDefs+CoreDataClass.swift"; sourceTree = "<group>"; };
		3F00F7631EE0ADE2002DBE9E /* GreekDefs+CoreDataProperties.swift */ = {isa = PBXFileReference; fileEncoding = 4; lastKnownFileType = sourcecode.swift; path = "GreekDefs+CoreDataProperties.swift"; sourceTree = "<group>"; };
		3F0D2E561EE48DDA00B34C62 /* HCAccentButton.swift */ = {isa = PBXFileReference; fileEncoding = 4; lastKnownFileType = sourcecode.swift; path = HCAccentButton.swift; sourceTree = "<group>"; };
		3F0D2E571EE48DDA00B34C62 /* HCbutton.swift */ = {isa = PBXFileReference; fileEncoding = 4; lastKnownFileType = sourcecode.swift; path = HCbutton.swift; sourceTree = "<group>"; };
		3F0D2E581EE48DDA00B34C62 /* HCCapsLockButton.swift */ = {isa = PBXFileReference; fileEncoding = 4; lastKnownFileType = sourcecode.swift; path = HCCapsLockButton.swift; sourceTree = "<group>"; };
		3F0D2E591EE48DDA00B34C62 /* HCDeleteButton.swift */ = {isa = PBXFileReference; fileEncoding = 4; lastKnownFileType = sourcecode.swift; path = HCDeleteButton.swift; sourceTree = "<group>"; };
		3F0D2E5A1EE48DDA00B34C62 /* HCEnterButton.swift */ = {isa = PBXFileReference; fileEncoding = 4; lastKnownFileType = sourcecode.swift; path = HCEnterButton.swift; sourceTree = "<group>"; };
		3F0D2E5B1EE48DDA00B34C62 /* HCGlobeButton.swift */ = {isa = PBXFileReference; fileEncoding = 4; lastKnownFileType = sourcecode.swift; path = HCGlobeButton.swift; sourceTree = "<group>"; };
		3F0D2E5C1EE48DDA00B34C62 /* HCPolytonicGreekKB-Bridging-Header.h */ = {isa = PBXFileReference; fileEncoding = 4; lastKnownFileType = sourcecode.c.h; path = "HCPolytonicGreekKB-Bridging-Header.h"; sourceTree = "<group>"; };
		3F0D2E5D1EE48DDA00B34C62 /* HCPolytonicGreekKB.entitlements */ = {isa = PBXFileReference; fileEncoding = 4; lastKnownFileType = text.plist.entitlements; path = HCPolytonicGreekKB.entitlements; sourceTree = "<group>"; };
		3F0D2E5E1EE48DDA00B34C62 /* HCPunctuationButton.swift */ = {isa = PBXFileReference; fileEncoding = 4; lastKnownFileType = sourcecode.swift; path = HCPunctuationButton.swift; sourceTree = "<group>"; };
		3F0D2E5F1EE48DDA00B34C62 /* HCSpaceButton.swift */ = {isa = PBXFileReference; fileEncoding = 4; lastKnownFileType = sourcecode.swift; path = HCSpaceButton.swift; sourceTree = "<group>"; };
		3F0D2E601EE48DDA00B34C62 /* Info.plist */ = {isa = PBXFileReference; fileEncoding = 4; lastKnownFileType = text.plist.xml; path = Info.plist; sourceTree = "<group>"; };
		3F0D2E611EE48DDA00B34C62 /* KeyboardViewController.swift */ = {isa = PBXFileReference; fileEncoding = 4; lastKnownFileType = sourcecode.swift; path = KeyboardViewController.swift; sourceTree = "<group>"; };
		3F0D2E631EE48DDA00B34C62 /* accent.c */ = {isa = PBXFileReference; fileEncoding = 4; lastKnownFileType = sourcecode.c.c; path = accent.c; sourceTree = "<group>"; };
		3F0D2E641EE48DDA00B34C62 /* accent.h */ = {isa = PBXFileReference; fileEncoding = 4; lastKnownFileType = sourcecode.c.h; path = accent.h; sourceTree = "<group>"; };
		3F0D2E651EE48DDA00B34C62 /* GreekUnicode.h */ = {isa = PBXFileReference; fileEncoding = 4; lastKnownFileType = sourcecode.c.h; path = GreekUnicode.h; sourceTree = "<group>"; };
		3F0D2E661EE48DDA00B34C62 /* utilities.c */ = {isa = PBXFileReference; fileEncoding = 4; lastKnownFileType = sourcecode.c.c; path = utilities.c; sourceTree = "<group>"; };
		3F0D2E671EE48DDA00B34C62 /* utilities.h */ = {isa = PBXFileReference; fileEncoding = 4; lastKnownFileType = sourcecode.c.h; path = utilities.h; sourceTree = "<group>"; };
		3F85E8211ED27380007633D2 /* philolog.us.app */ = {isa = PBXFileReference; explicitFileType = wrapper.application; includeInIndex = 0; path = philolog.us.app; sourceTree = BUILT_PRODUCTS_DIR; };
		3F85E8241ED27380007633D2 /* AppDelegate.swift */ = {isa = PBXFileReference; lastKnownFileType = sourcecode.swift; path = AppDelegate.swift; sourceTree = "<group>"; };
		3F85E8271ED27380007633D2 /* philolog_us.xcdatamodel */ = {isa = PBXFileReference; lastKnownFileType = wrapper.xcdatamodel; path = philolog_us.xcdatamodel; sourceTree = "<group>"; };
		3F85E8291ED27380007633D2 /* MasterViewController.swift */ = {isa = PBXFileReference; lastKnownFileType = sourcecode.swift; path = MasterViewController.swift; sourceTree = "<group>"; };
		3F85E82B1ED27380007633D2 /* DetailViewController.swift */ = {isa = PBXFileReference; lastKnownFileType = sourcecode.swift; path = DetailViewController.swift; sourceTree = "<group>"; };
		3F85E82E1ED27380007633D2 /* Base */ = {isa = PBXFileReference; lastKnownFileType = file.storyboard; name = Base; path = Base.lproj/Main.storyboard; sourceTree = "<group>"; };
		3F85E8301ED27380007633D2 /* Assets.xcassets */ = {isa = PBXFileReference; lastKnownFileType = folder.assetcatalog; path = Assets.xcassets; sourceTree = "<group>"; };
		3F85E8331ED27380007633D2 /* Base */ = {isa = PBXFileReference; lastKnownFileType = file.storyboard; name = Base; path = Base.lproj/LaunchScreen.storyboard; sourceTree = "<group>"; };
		3F85E8351ED27380007633D2 /* Info.plist */ = {isa = PBXFileReference; lastKnownFileType = text.plist.xml; path = Info.plist; sourceTree = "<group>"; };
		3F9B9BE21EEF6E0500DF500E /* Settings.bundle */ = {isa = PBXFileReference; lastKnownFileType = "wrapper.plug-in"; path = Settings.bundle; sourceTree = "<group>"; };
		3FC05D331F75C68F007BBFBA /* HCKeyboardView.swift */ = {isa = PBXFileReference; lastKnownFileType = sourcecode.swift; path = HCKeyboardView.swift; sourceTree = "<group>"; };
/* End PBXFileReference section */

/* Begin PBXFrameworksBuildPhase section */
		3F85E81E1ED27380007633D2 /* Frameworks */ = {
			isa = PBXFrameworksBuildPhase;
			buildActionMask = 2147483647;
			files = (
			);
			runOnlyForDeploymentPostprocessing = 0;
		};
/* End PBXFrameworksBuildPhase section */

/* Begin PBXGroup section */
		3F0D2E551EE48DDA00B34C62 /* HCPolytonicGreekKB */ = {
			isa = PBXGroup;
			children = (
				3F0D2E5C1EE48DDA00B34C62 /* HCPolytonicGreekKB-Bridging-Header.h */,
				3F0D2E561EE48DDA00B34C62 /* HCAccentButton.swift */,
				3F0D2E571EE48DDA00B34C62 /* HCbutton.swift */,
				3F0D2E581EE48DDA00B34C62 /* HCCapsLockButton.swift */,
				3F0D2E591EE48DDA00B34C62 /* HCDeleteButton.swift */,
				3F0D2E5A1EE48DDA00B34C62 /* HCEnterButton.swift */,
				3F0D2E5B1EE48DDA00B34C62 /* HCGlobeButton.swift */,
				3F0D2E5D1EE48DDA00B34C62 /* HCPolytonicGreekKB.entitlements */,
				3F0D2E5E1EE48DDA00B34C62 /* HCPunctuationButton.swift */,
				3F0D2E5F1EE48DDA00B34C62 /* HCSpaceButton.swift */,
				3F0D2E601EE48DDA00B34C62 /* Info.plist */,
				3F0D2E611EE48DDA00B34C62 /* KeyboardViewController.swift */,
				3FC05D331F75C68F007BBFBA /* HCKeyboardView.swift */,
				3F0D2E621EE48DDA00B34C62 /* libmorph */,
			);
			path = HCPolytonicGreekKB;
			sourceTree = "<group>";
		};
		3F0D2E621EE48DDA00B34C62 /* libmorph */ = {
			isa = PBXGroup;
			children = (
				3F0D2E631EE48DDA00B34C62 /* accent.c */,
				3F0D2E641EE48DDA00B34C62 /* accent.h */,
				3F0D2E651EE48DDA00B34C62 /* GreekUnicode.h */,
				3F0D2E661EE48DDA00B34C62 /* utilities.c */,
				3F0D2E671EE48DDA00B34C62 /* utilities.h */,
			);
			path = libmorph;
			sourceTree = "<group>";
		};
		3F0D2E741EE4962500B34C62 /* CoreDataClasses */ = {
			isa = PBXGroup;
			children = (
				3F00F75C1EE0ADE2002DBE9E /* LatinDefs+CoreDataClass.swift */,
				3F00F75D1EE0ADE2002DBE9E /* LatinDefs+CoreDataProperties.swift */,
				3F00F75E1EE0ADE2002DBE9E /* GreekWords+CoreDataClass.swift */,
				3F00F75F1EE0ADE2002DBE9E /* GreekWords+CoreDataProperties.swift */,
				3F00F7601EE0ADE2002DBE9E /* LatinWords+CoreDataClass.swift */,
				3F00F7611EE0ADE2002DBE9E /* LatinWords+CoreDataProperties.swift */,
				3F00F7621EE0ADE2002DBE9E /* GreekDefs+CoreDataClass.swift */,
				3F00F7631EE0ADE2002DBE9E /* GreekDefs+CoreDataProperties.swift */,
			);
			name = CoreDataClasses;
			path = ..;
			sourceTree = "<group>";
		};
		3F85E8181ED27380007633D2 = {
			isa = PBXGroup;
			children = (
				3F85E8231ED27380007633D2 /* philolog.us */,
				3F85E8221ED27380007633D2 /* Products */,
			);
			sourceTree = "<group>";
		};
		3F85E8221ED27380007633D2 /* Products */ = {
			isa = PBXGroup;
			children = (
				3F85E8211ED27380007633D2 /* philolog.us.app */,
			);
			name = Products;
			sourceTree = "<group>";
		};
		3F85E8231ED27380007633D2 /* philolog.us */ = {
			isa = PBXGroup;
			children = (
				3F0D2E741EE4962500B34C62 /* CoreDataClasses */,
				3F0D2E551EE48DDA00B34C62 /* HCPolytonicGreekKB */,
				3F00F7581EDE6FD2002DBE9E /* philolog_us.sqlite-wal */,
				3F00F7591EDE6FD2002DBE9E /* philolog_us.sqlite-shm */,
				3F00F7561EDE6DCC002DBE9E /* philolog_us.sqlite */,
				3F00F7501EDB44DC002DBE9E /* newathu5.ttf */,
				3F85E8241ED27380007633D2 /* AppDelegate.swift */,
				3F85E8291ED27380007633D2 /* MasterViewController.swift */,
				3F9B9BE21EEF6E0500DF500E /* Settings.bundle */,
				3F85E82B1ED27380007633D2 /* DetailViewController.swift */,
				3F85E82D1ED27380007633D2 /* Main.storyboard */,
				3F85E8301ED27380007633D2 /* Assets.xcassets */,
				3F85E8321ED27380007633D2 /* LaunchScreen.storyboard */,
				3F85E8351ED27380007633D2 /* Info.plist */,
				3F85E8261ED27380007633D2 /* philolog_us.xcdatamodeld */,
			);
			path = philolog.us;
			sourceTree = "<group>";
		};
/* End PBXGroup section */

/* Begin PBXNativeTarget section */
		3F85E8201ED27380007633D2 /* philolog.us */ = {
			isa = PBXNativeTarget;
			buildConfigurationList = 3F85E8381ED27380007633D2 /* Build configuration list for PBXNativeTarget "philolog.us" */;
			buildPhases = (
				3F85E81D1ED27380007633D2 /* Sources */,
				3F85E81E1ED27380007633D2 /* Frameworks */,
				3F85E81F1ED27380007633D2 /* Resources */,
			);
			buildRules = (
			);
			dependencies = (
			);
			name = philolog.us;
			productName = philolog.us;
			productReference = 3F85E8211ED27380007633D2 /* philolog.us.app */;
			productType = "com.apple.product-type.application";
		};
/* End PBXNativeTarget section */

/* Begin PBXProject section */
		3F85E8191ED27380007633D2 /* Project object */ = {
			isa = PBXProject;
			attributes = {
				LastSwiftUpdateCheck = 0830;
				LastUpgradeCheck = 0900;
				ORGANIZATIONNAME = "Jeremy March";
				TargetAttributes = {
					3F85E8201ED27380007633D2 = {
						CreatedOnToolsVersion = 8.3.2;
						DevelopmentTeam = EFHC4XFZ38;
						LastSwiftMigration = 0900;
						ProvisioningStyle = Automatic;
					};
				};
			};
			buildConfigurationList = 3F85E81C1ED27380007633D2 /* Build configuration list for PBXProject "philolog.us" */;
			compatibilityVersion = "Xcode 3.2";
			developmentRegion = English;
			hasScannedForEncodings = 0;
			knownRegions = (
				en,
				Base,
			);
			mainGroup = 3F85E8181ED27380007633D2;
			productRefGroup = 3F85E8221ED27380007633D2 /* Products */;
			projectDirPath = "";
			projectRoot = "";
			targets = (
				3F85E8201ED27380007633D2 /* philolog.us */,
			);
		};
/* End PBXProject section */

/* Begin PBXResourcesBuildPhase section */
		3F85E81F1ED27380007633D2 /* Resources */ = {
			isa = PBXResourcesBuildPhase;
			buildActionMask = 2147483647;
			files = (
				3F0D2E701EE48DDA00B34C62 /* Info.plist in Resources */,
				3F85E8341ED27380007633D2 /* LaunchScreen.storyboard in Resources */,
				3F00F7571EDE6DCC002DBE9E /* philolog_us.sqlite in Resources */,
				3F00F7511EDB44DC002DBE9E /* newathu5.ttf in Resources */,
				3F85E8311ED27380007633D2 /* Assets.xcassets in Resources */,
				3F00F75A1EDE6FD2002DBE9E /* philolog_us.sqlite-wal in Resources */,
				3F00F75B1EDE6FD2002DBE9E /* philolog_us.sqlite-shm in Resources */,
				3F9B9BE31EEF6E0500DF500E /* Settings.bundle in Resources */,
				3F85E82F1ED27380007633D2 /* Main.storyboard in Resources */,
			);
			runOnlyForDeploymentPostprocessing = 0;
		};
/* End PBXResourcesBuildPhase section */

/* Begin PBXSourcesBuildPhase section */
		3F85E81D1ED27380007633D2 /* Sources */ = {
			isa = PBXSourcesBuildPhase;
			buildActionMask = 2147483647;
			files = (
				3F00F76B1EE0ADE2002DBE9E /* GreekDefs+CoreDataProperties.swift in Sources */,
				3F00F7651EE0ADE2002DBE9E /* LatinDefs+CoreDataProperties.swift in Sources */,
				3F00F7681EE0ADE2002DBE9E /* LatinWords+CoreDataClass.swift in Sources */,
				3F85E8251ED27380007633D2 /* AppDelegate.swift in Sources */,
				3F0D2E711EE48DDA00B34C62 /* KeyboardViewController.swift in Sources */,
				3F0D2E6A1EE48DDA00B34C62 /* HCCapsLockButton.swift in Sources */,
				3F0D2E691EE48DDA00B34C62 /* HCbutton.swift in Sources */,
				3F0D2E731EE48DDA00B34C62 /* utilities.c in Sources */,
				3F0D2E721EE48DDA00B34C62 /* accent.c in Sources */,
				3F85E8281ED27380007633D2 /* philolog_us.xcdatamodeld in Sources */,
				3F00F76A1EE0ADE2002DBE9E /* GreekDefs+CoreDataClass.swift in Sources */,
				3F85E82A1ED27380007633D2 /* MasterViewController.swift in Sources */,
				3F0D2E6F1EE48DDA00B34C62 /* HCSpaceButton.swift in Sources */,
				3F0D2E6B1EE48DDA00B34C62 /* HCDeleteButton.swift in Sources */,
				3FC05D341F75C68F007BBFBA /* HCKeyboardView.swift in Sources */,
				3F0D2E6E1EE48DDA00B34C62 /* HCPunctuationButton.swift in Sources */,
				3F0D2E6D1EE48DDA00B34C62 /* HCGlobeButton.swift in Sources */,
				3F0D2E6C1EE48DDA00B34C62 /* HCEnterButton.swift in Sources */,
				3F85E82C1ED27380007633D2 /* DetailViewController.swift in Sources */,
				3F00F7691EE0ADE2002DBE9E /* LatinWords+CoreDataProperties.swift in Sources */,
				3F00F7641EE0ADE2002DBE9E /* LatinDefs+CoreDataClass.swift in Sources */,
				3F0D2E681EE48DDA00B34C62 /* HCAccentButton.swift in Sources */,
				3F00F7671EE0ADE2002DBE9E /* GreekWords+CoreDataProperties.swift in Sources */,
				3F00F7661EE0ADE2002DBE9E /* GreekWords+CoreDataClass.swift in Sources */,
			);
			runOnlyForDeploymentPostprocessing = 0;
		};
/* End PBXSourcesBuildPhase section */

/* Begin PBXVariantGroup section */
		3F85E82D1ED27380007633D2 /* Main.storyboard */ = {
			isa = PBXVariantGroup;
			children = (
				3F85E82E1ED27380007633D2 /* Base */,
			);
			name = Main.storyboard;
			sourceTree = "<group>";
		};
		3F85E8321ED27380007633D2 /* LaunchScreen.storyboard */ = {
			isa = PBXVariantGroup;
			children = (
				3F85E8331ED27380007633D2 /* Base */,
			);
			name = LaunchScreen.storyboard;
			sourceTree = "<group>";
		};
/* End PBXVariantGroup section */

/* Begin XCBuildConfiguration section */
		3F85E8361ED27380007633D2 /* Debug */ = {
			isa = XCBuildConfiguration;
			buildSettings = {
				ALWAYS_SEARCH_USER_PATHS = NO;
				CLANG_ANALYZER_NONNULL = YES;
				CLANG_ANALYZER_NUMBER_OBJECT_CONVERSION = YES_AGGRESSIVE;
				CLANG_CXX_LANGUAGE_STANDARD = "gnu++0x";
				CLANG_CXX_LIBRARY = "libc++";
				CLANG_ENABLE_MODULES = YES;
				CLANG_ENABLE_OBJC_ARC = YES;
				CLANG_WARN_BLOCK_CAPTURE_AUTORELEASING = YES;
				CLANG_WARN_BOOL_CONVERSION = YES;
				CLANG_WARN_COMMA = YES;
				CLANG_WARN_CONSTANT_CONVERSION = YES;
				CLANG_WARN_DIRECT_OBJC_ISA_USAGE = YES_ERROR;
				CLANG_WARN_DOCUMENTATION_COMMENTS = YES;
				CLANG_WARN_EMPTY_BODY = YES;
				CLANG_WARN_ENUM_CONVERSION = YES;
				CLANG_WARN_INFINITE_RECURSION = YES;
				CLANG_WARN_INT_CONVERSION = YES;
				CLANG_WARN_NON_LITERAL_NULL_CONVERSION = YES;
				CLANG_WARN_OBJC_LITERAL_CONVERSION = YES;
				CLANG_WARN_OBJC_ROOT_CLASS = YES_ERROR;
				CLANG_WARN_RANGE_LOOP_ANALYSIS = YES;
				CLANG_WARN_STRICT_PROTOTYPES = YES;
				CLANG_WARN_SUSPICIOUS_MOVE = YES;
				CLANG_WARN_UNREACHABLE_CODE = YES;
				CLANG_WARN__DUPLICATE_METHOD_MATCH = YES;
				"CODE_SIGN_IDENTITY[sdk=iphoneos*]" = "iPhone Developer";
				COPY_PHASE_STRIP = NO;
				DEBUG_INFORMATION_FORMAT = dwarf;
				ENABLE_STRICT_OBJC_MSGSEND = YES;
				ENABLE_TESTABILITY = YES;
				GCC_C_LANGUAGE_STANDARD = gnu99;
				GCC_DYNAMIC_NO_PIC = NO;
				GCC_NO_COMMON_BLOCKS = YES;
				GCC_OPTIMIZATION_LEVEL = 0;
				GCC_PREPROCESSOR_DEFINITIONS = (
					"DEBUG=1",
					"$(inherited)",
				);
				GCC_WARN_64_TO_32_BIT_CONVERSION = YES;
				GCC_WARN_ABOUT_RETURN_TYPE = YES_ERROR;
				GCC_WARN_UNDECLARED_SELECTOR = YES;
				GCC_WARN_UNINITIALIZED_AUTOS = YES_AGGRESSIVE;
				GCC_WARN_UNUSED_FUNCTION = YES;
				GCC_WARN_UNUSED_VARIABLE = YES;
				IPHONEOS_DEPLOYMENT_TARGET = 8.0;
				MTL_ENABLE_DEBUG_INFO = YES;
				ONLY_ACTIVE_ARCH = YES;
				SDKROOT = iphoneos;
				SWIFT_ACTIVE_COMPILATION_CONDITIONS = DEBUG;
				SWIFT_OPTIMIZATION_LEVEL = "-Onone";
				TARGETED_DEVICE_FAMILY = "1,2";
			};
			name = Debug;
		};
		3F85E8371ED27380007633D2 /* Release */ = {
			isa = XCBuildConfiguration;
			buildSettings = {
				ALWAYS_SEARCH_USER_PATHS = NO;
				CLANG_ANALYZER_NONNULL = YES;
				CLANG_ANALYZER_NUMBER_OBJECT_CONVERSION = YES_AGGRESSIVE;
				CLANG_CXX_LANGUAGE_STANDARD = "gnu++0x";
				CLANG_CXX_LIBRARY = "libc++";
				CLANG_ENABLE_MODULES = YES;
				CLANG_ENABLE_OBJC_ARC = YES;
				CLANG_WARN_BLOCK_CAPTURE_AUTORELEASING = YES;
				CLANG_WARN_BOOL_CONVERSION = YES;
				CLANG_WARN_COMMA = YES;
				CLANG_WARN_CONSTANT_CONVERSION = YES;
				CLANG_WARN_DIRECT_OBJC_ISA_USAGE = YES_ERROR;
				CLANG_WARN_DOCUMENTATION_COMMENTS = YES;
				CLANG_WARN_EMPTY_BODY = YES;
				CLANG_WARN_ENUM_CONVERSION = YES;
				CLANG_WARN_INFINITE_RECURSION = YES;
				CLANG_WARN_INT_CONVERSION = YES;
				CLANG_WARN_NON_LITERAL_NULL_CONVERSION = YES;
				CLANG_WARN_OBJC_LITERAL_CONVERSION = YES;
				CLANG_WARN_OBJC_ROOT_CLASS = YES_ERROR;
				CLANG_WARN_RANGE_LOOP_ANALYSIS = YES;
				CLANG_WARN_STRICT_PROTOTYPES = YES;
				CLANG_WARN_SUSPICIOUS_MOVE = YES;
				CLANG_WARN_UNREACHABLE_CODE = YES;
				CLANG_WARN__DUPLICATE_METHOD_MATCH = YES;
				"CODE_SIGN_IDENTITY[sdk=iphoneos*]" = "iPhone Developer";
				COPY_PHASE_STRIP = NO;
				DEBUG_INFORMATION_FORMAT = "dwarf-with-dsym";
				ENABLE_NS_ASSERTIONS = NO;
				ENABLE_STRICT_OBJC_MSGSEND = YES;
				GCC_C_LANGUAGE_STANDARD = gnu99;
				GCC_NO_COMMON_BLOCKS = YES;
				GCC_WARN_64_TO_32_BIT_CONVERSION = YES;
				GCC_WARN_ABOUT_RETURN_TYPE = YES_ERROR;
				GCC_WARN_UNDECLARED_SELECTOR = YES;
				GCC_WARN_UNINITIALIZED_AUTOS = YES_AGGRESSIVE;
				GCC_WARN_UNUSED_FUNCTION = YES;
				GCC_WARN_UNUSED_VARIABLE = YES;
				IPHONEOS_DEPLOYMENT_TARGET = 8.0;
				MTL_ENABLE_DEBUG_INFO = NO;
				SDKROOT = iphoneos;
				SWIFT_OPTIMIZATION_LEVEL = "-Owholemodule";
				TARGETED_DEVICE_FAMILY = "1,2";
				VALIDATE_PRODUCT = YES;
			};
			name = Release;
		};
		3F85E8391ED27380007633D2 /* Debug */ = {
			isa = XCBuildConfiguration;
			buildSettings = {
				ASSETCATALOG_COMPILER_APPICON_NAME = AppIcon;
				DEVELOPMENT_TEAM = EFHC4XFZ38;
				INFOPLIST_FILE = philolog.us/Info.plist;
				IPHONEOS_DEPLOYMENT_TARGET = 8.0;
				LD_RUNPATH_SEARCH_PATHS = "$(inherited) @executable_path/Frameworks";
				PRODUCT_BUNDLE_IDENTIFIER = com.philolog.philologus;
				PRODUCT_NAME = "$(TARGET_NAME)";
				SWIFT_OBJC_BRIDGING_HEADER = "philolog.us/HCPolytonicGreekKB/HCPolytonicGreekKB-Bridging-Header.h";
				SWIFT_SWIFT3_OBJC_INFERENCE = Default;
				SWIFT_VERSION = 4.0;
			};
			name = Debug;
		};
		3F85E83A1ED27380007633D2 /* Release */ = {
			isa = XCBuildConfiguration;
			buildSettings = {
				ASSETCATALOG_COMPILER_APPICON_NAME = AppIcon;
				DEVELOPMENT_TEAM = EFHC4XFZ38;
				INFOPLIST_FILE = philolog.us/Info.plist;
				IPHONEOS_DEPLOYMENT_TARGET = 8.0;
				LD_RUNPATH_SEARCH_PATHS = "$(inherited) @executable_path/Frameworks";
				PRODUCT_BUNDLE_IDENTIFIER = com.philolog.philologus;
				PRODUCT_NAME = "$(TARGET_NAME)";
				SWIFT_OBJC_BRIDGING_HEADER = "philolog.us/HCPolytonicGreekKB/HCPolytonicGreekKB-Bridging-Header.h";
				SWIFT_SWIFT3_OBJC_INFERENCE = Default;
				SWIFT_VERSION = 4.0;
			};
			name = Release;
		};
/* End XCBuildConfiguration section */

/* Begin XCConfigurationList section */
		3F85E81C1ED27380007633D2 /* Build configuration list for PBXProject "philolog.us" */ = {
			isa = XCConfigurationList;
			buildConfigurations = (
				3F85E8361ED27380007633D2 /* Debug */,
				3F85E8371ED27380007633D2 /* Release */,
			);
			defaultConfigurationIsVisible = 0;
			defaultConfigurationName = Release;
		};
		3F85E8381ED27380007633D2 /* Build configuration list for PBXNativeTarget "philolog.us" */ = {
			isa = XCConfigurationList;
			buildConfigurations = (
				3F85E8391ED27380007633D2 /* Debug */,
				3F85E83A1ED27380007633D2 /* Release */,
			);
			defaultConfigurationIsVisible = 0;
			defaultConfigurationName = Release;
		};
/* End XCConfigurationList section */

/* Begin XCVersionGroup section */
		3F85E8261ED27380007633D2 /* philolog_us.xcdatamodeld */ = {
			isa = XCVersionGroup;
			children = (
				3F85E8271ED27380007633D2 /* philolog_us.xcdatamodel */,
			);
			currentVersion = 3F85E8271ED27380007633D2 /* philolog_us.xcdatamodel */;
			path = philolog_us.xcdatamodeld;
			sourceTree = "<group>";
			versionGroupType = wrapper.xcdatamodel;
		};
/* End XCVersionGroup section */
	};
	rootObject = 3F85E8191ED27380007633D2 /* Project object */;
}
