// !$*UTF8*$!
{
	archiveVersion = 1;
	classes = {
	};
	objectVersion = 46;
	objects = {

/* Begin PBXBuildFile section */
		3F00F7511EDB44DC002DBE9E /* newathu5.ttf in Resources */ = {isa = PBXBuildFile; fileRef = 3F00F7501EDB44DC002DBE9E /* newathu5.ttf */; };
		3F00F7571EDE6DCC002DBE9E /* philolog_us.sqlite in Resources */ = {isa = PBXBuildFile; fileRef = 3F00F7561EDE6DCC002DBE9E /* philolog_us.sqlite */; };
		3F00F75A1EDE6FD2002DBE9E /* philolog_us.sqlite-wal in Resources */ = {isa = PBXBuildFile; fileRef = 3F00F7581EDE6FD2002DBE9E /* philolog_us.sqlite-wal */; };
		3F00F75B1EDE6FD2002DBE9E /* philolog_us.sqlite-shm in Resources */ = {isa = PBXBuildFile; fileRef = 3F00F7591EDE6FD2002DBE9E /* philolog_us.sqlite-shm */; };
		3F00F7661EE0ADE2002DBE9E /* GreekWords+CoreDataClass.swift in Sources */ = {isa = PBXBuildFile; fileRef = 3F00F75E1EE0ADE2002DBE9E /* GreekWords+CoreDataClass.swift */; };
		3F00F7671EE0ADE2002DBE9E /* GreekWords+CoreDataProperties.swift in Sources */ = {isa = PBXBuildFile; fileRef = 3F00F75F1EE0ADE2002DBE9E /* GreekWords+CoreDataProperties.swift */; };
		3F00F7681EE0ADE2002DBE9E /* LatinWords+CoreDataClass.swift in Sources */ = {isa = PBXBuildFile; fileRef = 3F00F7601EE0ADE2002DBE9E /* LatinWords+CoreDataClass.swift */; };
		3F00F7691EE0ADE2002DBE9E /* LatinWords+CoreDataProperties.swift in Sources */ = {isa = PBXBuildFile; fileRef = 3F00F7611EE0ADE2002DBE9E /* LatinWords+CoreDataProperties.swift */; };
		3F48807C208ECDB30093924A /* HCEnterButton.swift in Sources */ = {isa = PBXBuildFile; fileRef = 3F488067208ECDB30093924A /* HCEnterButton.swift */; };
		3F48807D208ECDB30093924A /* HCbutton.swift in Sources */ = {isa = PBXBuildFile; fileRef = 3F488069208ECDB30093924A /* HCbutton.swift */; };
		3F48807E208ECDB30093924A /* LICENSE in Resources */ = {isa = PBXBuildFile; fileRef = 3F48806A208ECDB30093924A /* LICENSE */; };
		3F48807F208ECDB30093924A /* newathu5.ttf in Resources */ = {isa = PBXBuildFile; fileRef = 3F48806B208ECDB30093924A /* newathu5.ttf */; };
		3F488080208ECDB30093924A /* HCCapsLockButton.swift in Sources */ = {isa = PBXBuildFile; fileRef = 3F48806C208ECDB30093924A /* HCCapsLockButton.swift */; };
		3F488081208ECDB30093924A /* accent.c in Sources */ = {isa = PBXBuildFile; fileRef = 3F48806F208ECDB30093924A /* accent.c */; };
		3F488082208ECDB30093924A /* utilities.c in Sources */ = {isa = PBXBuildFile; fileRef = 3F488071208ECDB30093924A /* utilities.c */; };
		3F488083208ECDB30093924A /* HCGlobeButton.swift in Sources */ = {isa = PBXBuildFile; fileRef = 3F488073208ECDB30093924A /* HCGlobeButton.swift */; };
		3F488084208ECDB30093924A /* KeyboardViewController.swift in Sources */ = {isa = PBXBuildFile; fileRef = 3F488075208ECDB30093924A /* KeyboardViewController.swift */; };
		3F488085208ECDB30093924A /* HCSpaceButton.swift in Sources */ = {isa = PBXBuildFile; fileRef = 3F488076208ECDB30093924A /* HCSpaceButton.swift */; };
		3F488086208ECDB30093924A /* HCAccentButton.swift in Sources */ = {isa = PBXBuildFile; fileRef = 3F488077208ECDB30093924A /* HCAccentButton.swift */; };
		3F488087208ECDB30093924A /* Info.plist in Resources */ = {isa = PBXBuildFile; fileRef = 3F488078208ECDB30093924A /* Info.plist */; };
		3F488088208ECDB30093924A /* HCDeleteButton.swift in Sources */ = {isa = PBXBuildFile; fileRef = 3F488079208ECDB30093924A /* HCDeleteButton.swift */; };
		3F488089208ECDB30093924A /* HCPunctuationButton.swift in Sources */ = {isa = PBXBuildFile; fileRef = 3F48807A208ECDB30093924A /* HCPunctuationButton.swift */; };
		3F48808A208ECDB30093924A /* HCKeyboardView.swift in Sources */ = {isa = PBXBuildFile; fileRef = 3F48807B208ECDB30093924A /* HCKeyboardView.swift */; };
		3F7B7E18207982C3008A846A /* LatinDefs+CoreDataClass.swift in Sources */ = {isa = PBXBuildFile; fileRef = 3F7B7E16207982C3008A846A /* LatinDefs+CoreDataClass.swift */; };
		3F7B7E19207982C3008A846A /* LatinDefs+CoreDataProperties.swift in Sources */ = {isa = PBXBuildFile; fileRef = 3F7B7E17207982C3008A846A /* LatinDefs+CoreDataProperties.swift */; };
		3F7B7E1C207982E0008A846A /* GreekDefs+CoreDataClass.swift in Sources */ = {isa = PBXBuildFile; fileRef = 3F7B7E1A207982E0008A846A /* GreekDefs+CoreDataClass.swift */; };
		3F7B7E1D207982E0008A846A /* GreekDefs+CoreDataProperties.swift in Sources */ = {isa = PBXBuildFile; fileRef = 3F7B7E1B207982E0008A846A /* GreekDefs+CoreDataProperties.swift */; };
		3F7B7E202079CB4F008A846A /* RequestQueue+CoreDataClass.swift in Sources */ = {isa = PBXBuildFile; fileRef = 3F7B7E1E2079CB4F008A846A /* RequestQueue+CoreDataClass.swift */; };
		3F7B7E212079CB4F008A846A /* RequestQueue+CoreDataProperties.swift in Sources */ = {isa = PBXBuildFile; fileRef = 3F7B7E1F2079CB4F008A846A /* RequestQueue+CoreDataProperties.swift */; };
		3F85E8251ED27380007633D2 /* AppDelegate.swift in Sources */ = {isa = PBXBuildFile; fileRef = 3F85E8241ED27380007633D2 /* AppDelegate.swift */; };
		3F85E8281ED27380007633D2 /* philolog_us.xcdatamodeld in Sources */ = {isa = PBXBuildFile; fileRef = 3F85E8261ED27380007633D2 /* philolog_us.xcdatamodeld */; };
		3F85E82A1ED27380007633D2 /* MasterViewController.swift in Sources */ = {isa = PBXBuildFile; fileRef = 3F85E8291ED27380007633D2 /* MasterViewController.swift */; };
		3F85E82C1ED27380007633D2 /* DetailViewController.swift in Sources */ = {isa = PBXBuildFile; fileRef = 3F85E82B1ED27380007633D2 /* DetailViewController.swift */; };
		3F85E82F1ED27380007633D2 /* Main.storyboard in Resources */ = {isa = PBXBuildFile; fileRef = 3F85E82D1ED27380007633D2 /* Main.storyboard */; };
		3F85E8311ED27380007633D2 /* Assets.xcassets in Resources */ = {isa = PBXBuildFile; fileRef = 3F85E8301ED27380007633D2 /* Assets.xcassets */; };
		3F85E8341ED27380007633D2 /* LaunchScreen.storyboard in Resources */ = {isa = PBXBuildFile; fileRef = 3F85E8321ED27380007633D2 /* LaunchScreen.storyboard */; };
		3F9B9BE31EEF6E0500DF500E /* Settings.bundle in Resources */ = {isa = PBXBuildFile; fileRef = 3F9B9BE21EEF6E0500DF500E /* Settings.bundle */; };
		3FB004291F84DB44008891AC /* PHTitleView.swift in Sources */ = {isa = PBXBuildFile; fileRef = 3FB004281F84DB44008891AC /* PHTitleView.swift */; };
		3FCA15111F84EB6500FBA200 /* PHTextField.swift in Sources */ = {isa = PBXBuildFile; fileRef = 3FCA15101F84EB6500FBA200 /* PHTextField.swift */; };
		3FFFB61020767ABC00ADEE53 /* DataManager.swift in Sources */ = {isa = PBXBuildFile; fileRef = 3FFFB60F20767ABC00ADEE53 /* DataManager.swift */; };
		3FFFB61220792E4000ADEE53 /* NetworkManager.swift in Sources */ = {isa = PBXBuildFile; fileRef = 3FFFB61120792E4000ADEE53 /* NetworkManager.swift */; };
/* End PBXBuildFile section */

/* Begin PBXFileReference section */
		3F00F7501EDB44DC002DBE9E /* newathu5.ttf */ = {isa = PBXFileReference; lastKnownFileType = file; path = newathu5.ttf; sourceTree = "<group>"; };
		3F00F7561EDE6DCC002DBE9E /* philolog_us.sqlite */ = {isa = PBXFileReference; lastKnownFileType = file; path = philolog_us.sqlite; sourceTree = "<group>"; };
		3F00F7581EDE6FD2002DBE9E /* philolog_us.sqlite-wal */ = {isa = PBXFileReference; fileEncoding = 4; lastKnownFileType = text; path = "philolog_us.sqlite-wal"; sourceTree = "<group>"; };
		3F00F7591EDE6FD2002DBE9E /* philolog_us.sqlite-shm */ = {isa = PBXFileReference; lastKnownFileType = file; path = "philolog_us.sqlite-shm"; sourceTree = "<group>"; };
		3F00F75E1EE0ADE2002DBE9E /* GreekWords+CoreDataClass.swift */ = {isa = PBXFileReference; fileEncoding = 4; lastKnownFileType = sourcecode.swift; path = "GreekWords+CoreDataClass.swift"; sourceTree = "<group>"; };
		3F00F75F1EE0ADE2002DBE9E /* GreekWords+CoreDataProperties.swift */ = {isa = PBXFileReference; fileEncoding = 4; lastKnownFileType = sourcecode.swift; path = "GreekWords+CoreDataProperties.swift"; sourceTree = "<group>"; };
		3F00F7601EE0ADE2002DBE9E /* LatinWords+CoreDataClass.swift */ = {isa = PBXFileReference; fileEncoding = 4; lastKnownFileType = sourcecode.swift; path = "LatinWords+CoreDataClass.swift"; sourceTree = "<group>"; };
		3F00F7611EE0ADE2002DBE9E /* LatinWords+CoreDataProperties.swift */ = {isa = PBXFileReference; fileEncoding = 4; lastKnownFileType = sourcecode.swift; path = "LatinWords+CoreDataProperties.swift"; sourceTree = "<group>"; };
		3F488067208ECDB30093924A /* HCEnterButton.swift */ = {isa = PBXFileReference; fileEncoding = 4; lastKnownFileType = sourcecode.swift; path = HCEnterButton.swift; sourceTree = "<group>"; };
		3F488068208ECDB30093924A /* HCPolytonicGreekKB-Bridging-Header.h */ = {isa = PBXFileReference; fileEncoding = 4; lastKnownFileType = sourcecode.c.h; path = "HCPolytonicGreekKB-Bridging-Header.h"; sourceTree = "<group>"; };
		3F488069208ECDB30093924A /* HCbutton.swift */ = {isa = PBXFileReference; fileEncoding = 4; lastKnownFileType = sourcecode.swift; path = HCbutton.swift; sourceTree = "<group>"; };
		3F48806A208ECDB30093924A /* LICENSE */ = {isa = PBXFileReference; fileEncoding = 4; lastKnownFileType = text; path = LICENSE; sourceTree = "<group>"; };
		3F48806B208ECDB30093924A /* newathu5.ttf */ = {isa = PBXFileReference; lastKnownFileType = file; path = newathu5.ttf; sourceTree = "<group>"; };
		3F48806C208ECDB30093924A /* HCCapsLockButton.swift */ = {isa = PBXFileReference; fileEncoding = 4; lastKnownFileType = sourcecode.swift; path = HCCapsLockButton.swift; sourceTree = "<group>"; };
		3F48806E208ECDB30093924A /* GreekUnicode.h */ = {isa = PBXFileReference; fileEncoding = 4; lastKnownFileType = sourcecode.c.h; path = GreekUnicode.h; sourceTree = "<group>"; };
		3F48806F208ECDB30093924A /* accent.c */ = {isa = PBXFileReference; fileEncoding = 4; lastKnownFileType = sourcecode.c.c; path = accent.c; sourceTree = "<group>"; };
		3F488070208ECDB30093924A /* utilities.h */ = {isa = PBXFileReference; fileEncoding = 4; lastKnownFileType = sourcecode.c.h; path = utilities.h; sourceTree = "<group>"; };
		3F488071208ECDB30093924A /* utilities.c */ = {isa = PBXFileReference; fileEncoding = 4; lastKnownFileType = sourcecode.c.c; path = utilities.c; sourceTree = "<group>"; };
		3F488072208ECDB30093924A /* accent.h */ = {isa = PBXFileReference; fileEncoding = 4; lastKnownFileType = sourcecode.c.h; path = accent.h; sourceTree = "<group>"; };
		3F488073208ECDB30093924A /* HCGlobeButton.swift */ = {isa = PBXFileReference; fileEncoding = 4; lastKnownFileType = sourcecode.swift; path = HCGlobeButton.swift; sourceTree = "<group>"; };
		3F488074208ECDB30093924A /* HCPolytonicGreekKB.entitlements */ = {isa = PBXFileReference; fileEncoding = 4; lastKnownFileType = text.plist.entitlements; path = HCPolytonicGreekKB.entitlements; sourceTree = "<group>"; };
		3F488075208ECDB30093924A /* KeyboardViewController.swift */ = {isa = PBXFileReference; fileEncoding = 4; lastKnownFileType = sourcecode.swift; path = KeyboardViewController.swift; sourceTree = "<group>"; };
		3F488076208ECDB30093924A /* HCSpaceButton.swift */ = {isa = PBXFileReference; fileEncoding = 4; lastKnownFileType = sourcecode.swift; path = HCSpaceButton.swift; sourceTree = "<group>"; };
		3F488077208ECDB30093924A /* HCAccentButton.swift */ = {isa = PBXFileReference; fileEncoding = 4; lastKnownFileType = sourcecode.swift; path = HCAccentButton.swift; sourceTree = "<group>"; };
		3F488078208ECDB30093924A /* Info.plist */ = {isa = PBXFileReference; fileEncoding = 4; lastKnownFileType = text.plist.xml; path = Info.plist; sourceTree = "<group>"; };
		3F488079208ECDB30093924A /* HCDeleteButton.swift */ = {isa = PBXFileReference; fileEncoding = 4; lastKnownFileType = sourcecode.swift; path = HCDeleteButton.swift; sourceTree = "<group>"; };
		3F48807A208ECDB30093924A /* HCPunctuationButton.swift */ = {isa = PBXFileReference; fileEncoding = 4; lastKnownFileType = sourcecode.swift; path = HCPunctuationButton.swift; sourceTree = "<group>"; };
		3F48807B208ECDB30093924A /* HCKeyboardView.swift */ = {isa = PBXFileReference; fileEncoding = 4; lastKnownFileType = sourcecode.swift; path = HCKeyboardView.swift; sourceTree = "<group>"; };
		3F4E57AF1FA648C700FE1C45 /* philologus.entitlements */ = {isa = PBXFileReference; lastKnownFileType = text.plist.entitlements; path = philologus.entitlements; sourceTree = "<group>"; };
		3F7B7E16207982C3008A846A /* LatinDefs+CoreDataClass.swift */ = {isa = PBXFileReference; lastKnownFileType = sourcecode.swift; path = "LatinDefs+CoreDataClass.swift"; sourceTree = "<group>"; };
		3F7B7E17207982C3008A846A /* LatinDefs+CoreDataProperties.swift */ = {isa = PBXFileReference; lastKnownFileType = sourcecode.swift; path = "LatinDefs+CoreDataProperties.swift"; sourceTree = "<group>"; };
		3F7B7E1A207982E0008A846A /* GreekDefs+CoreDataClass.swift */ = {isa = PBXFileReference; lastKnownFileType = sourcecode.swift; path = "GreekDefs+CoreDataClass.swift"; sourceTree = "<group>"; };
		3F7B7E1B207982E0008A846A /* GreekDefs+CoreDataProperties.swift */ = {isa = PBXFileReference; lastKnownFileType = sourcecode.swift; path = "GreekDefs+CoreDataProperties.swift"; sourceTree = "<group>"; };
		3F7B7E1E2079CB4F008A846A /* RequestQueue+CoreDataClass.swift */ = {isa = PBXFileReference; lastKnownFileType = sourcecode.swift; path = "RequestQueue+CoreDataClass.swift"; sourceTree = "<group>"; };
		3F7B7E1F2079CB4F008A846A /* RequestQueue+CoreDataProperties.swift */ = {isa = PBXFileReference; lastKnownFileType = sourcecode.swift; path = "RequestQueue+CoreDataProperties.swift"; sourceTree = "<group>"; };
		3F85E8211ED27380007633D2 /* philologus.app */ = {isa = PBXFileReference; explicitFileType = wrapper.application; includeInIndex = 0; path = philologus.app; sourceTree = BUILT_PRODUCTS_DIR; };
		3F85E8241ED27380007633D2 /* AppDelegate.swift */ = {isa = PBXFileReference; lastKnownFileType = sourcecode.swift; path = AppDelegate.swift; sourceTree = "<group>"; };
		3F85E8271ED27380007633D2 /* philolog_us.xcdatamodel */ = {isa = PBXFileReference; lastKnownFileType = wrapper.xcdatamodel; path = philolog_us.xcdatamodel; sourceTree = "<group>"; };
		3F85E8291ED27380007633D2 /* MasterViewController.swift */ = {isa = PBXFileReference; lastKnownFileType = sourcecode.swift; path = MasterViewController.swift; sourceTree = "<group>"; };
		3F85E82B1ED27380007633D2 /* DetailViewController.swift */ = {isa = PBXFileReference; lastKnownFileType = sourcecode.swift; path = DetailViewController.swift; sourceTree = "<group>"; };
		3F85E82E1ED27380007633D2 /* Base */ = {isa = PBXFileReference; lastKnownFileType = file.storyboard; name = Base; path = Base.lproj/Main.storyboard; sourceTree = "<group>"; };
		3F85E8301ED27380007633D2 /* Assets.xcassets */ = {isa = PBXFileReference; lastKnownFileType = folder.assetcatalog; path = Assets.xcassets; sourceTree = "<group>"; };
		3F85E8331ED27380007633D2 /* Base */ = {isa = PBXFileReference; lastKnownFileType = file.storyboard; name = Base; path = Base.lproj/LaunchScreen.storyboard; sourceTree = "<group>"; };
		3F85E8351ED27380007633D2 /* Info.plist */ = {isa = PBXFileReference; lastKnownFileType = text.plist.xml; path = Info.plist; sourceTree = "<group>"; };
		3F9B9BE21EEF6E0500DF500E /* Settings.bundle */ = {isa = PBXFileReference; lastKnownFileType = "wrapper.plug-in"; path = Settings.bundle; sourceTree = "<group>"; };
		3FB004281F84DB44008891AC /* PHTitleView.swift */ = {isa = PBXFileReference; lastKnownFileType = sourcecode.swift; path = PHTitleView.swift; sourceTree = "<group>"; };
		3FCA15101F84EB6500FBA200 /* PHTextField.swift */ = {isa = PBXFileReference; lastKnownFileType = sourcecode.swift; path = PHTextField.swift; sourceTree = "<group>"; };
		3FFFB60F20767ABC00ADEE53 /* DataManager.swift */ = {isa = PBXFileReference; lastKnownFileType = sourcecode.swift; path = DataManager.swift; sourceTree = "<group>"; };
		3FFFB61120792E4000ADEE53 /* NetworkManager.swift */ = {isa = PBXFileReference; lastKnownFileType = sourcecode.swift; path = NetworkManager.swift; sourceTree = "<group>"; };
/* End PBXFileReference section */

/* Begin PBXFrameworksBuildPhase section */
		3F85E81E1ED27380007633D2 /* Frameworks */ = {
			isa = PBXFrameworksBuildPhase;
			buildActionMask = 2147483647;
			files = (
			);
			runOnlyForDeploymentPostprocessing = 0;
		};
/* End PBXFrameworksBuildPhase section */

/* Begin PBXGroup section */
		3F0D2E741EE4962500B34C62 /* CoreDataClasses */ = {
			isa = PBXGroup;
			children = (
				3F7B7E1E2079CB4F008A846A /* RequestQueue+CoreDataClass.swift */,
				3F7B7E1F2079CB4F008A846A /* RequestQueue+CoreDataProperties.swift */,
				3F7B7E1A207982E0008A846A /* GreekDefs+CoreDataClass.swift */,
				3F7B7E1B207982E0008A846A /* GreekDefs+CoreDataProperties.swift */,
				3F7B7E16207982C3008A846A /* LatinDefs+CoreDataClass.swift */,
				3F7B7E17207982C3008A846A /* LatinDefs+CoreDataProperties.swift */,
				3F00F75E1EE0ADE2002DBE9E /* GreekWords+CoreDataClass.swift */,
				3F00F75F1EE0ADE2002DBE9E /* GreekWords+CoreDataProperties.swift */,
				3F00F7601EE0ADE2002DBE9E /* LatinWords+CoreDataClass.swift */,
				3F00F7611EE0ADE2002DBE9E /* LatinWords+CoreDataProperties.swift */,
			);
			name = CoreDataClasses;
			path = ..;
			sourceTree = "<group>";
		};
		3F488066208ECDB30093924A /* HCPolytonicGreekKB */ = {
			isa = PBXGroup;
			children = (
				3F488067208ECDB30093924A /* HCEnterButton.swift */,
				3F488068208ECDB30093924A /* HCPolytonicGreekKB-Bridging-Header.h */,
				3F488069208ECDB30093924A /* HCbutton.swift */,
				3F48806A208ECDB30093924A /* LICENSE */,
				3F48806B208ECDB30093924A /* newathu5.ttf */,
				3F48806C208ECDB30093924A /* HCCapsLockButton.swift */,
				3F48806D208ECDB30093924A /* libmorph */,
				3F488073208ECDB30093924A /* HCGlobeButton.swift */,
				3F488074208ECDB30093924A /* HCPolytonicGreekKB.entitlements */,
				3F488075208ECDB30093924A /* KeyboardViewController.swift */,
				3F488076208ECDB30093924A /* HCSpaceButton.swift */,
				3F488077208ECDB30093924A /* HCAccentButton.swift */,
				3F488078208ECDB30093924A /* Info.plist */,
				3F488079208ECDB30093924A /* HCDeleteButton.swift */,
				3F48807A208ECDB30093924A /* HCPunctuationButton.swift */,
				3F48807B208ECDB30093924A /* HCKeyboardView.swift */,
			);
			path = HCPolytonicGreekKB;
			sourceTree = "<group>";
		};
		3F48806D208ECDB30093924A /* libmorph */ = {
			isa = PBXGroup;
			children = (
				3F48806E208ECDB30093924A /* GreekUnicode.h */,
				3F48806F208ECDB30093924A /* accent.c */,
				3F488070208ECDB30093924A /* utilities.h */,
				3F488071208ECDB30093924A /* utilities.c */,
				3F488072208ECDB30093924A /* accent.h */,
			);
			path = libmorph;
			sourceTree = "<group>";
		};
		3F85E8181ED27380007633D2 = {
			isa = PBXGroup;
			children = (
				3F488066208ECDB30093924A /* HCPolytonicGreekKB */,
				3F85E8231ED27380007633D2 /* philologus */,
				3F85E8221ED27380007633D2 /* Products */,
			);
			sourceTree = "<group>";
		};
		3F85E8221ED27380007633D2 /* Products */ = {
			isa = PBXGroup;
			children = (
				3F85E8211ED27380007633D2 /* philologus.app */,
			);
			name = Products;
			sourceTree = "<group>";
		};
		3F85E8231ED27380007633D2 /* philologus */ = {
			isa = PBXGroup;
			children = (
				3F4E57AF1FA648C700FE1C45 /* philologus.entitlements */,
				3F0D2E741EE4962500B34C62 /* CoreDataClasses */,
				3F00F7581EDE6FD2002DBE9E /* philolog_us.sqlite-wal */,
				3F00F7591EDE6FD2002DBE9E /* philolog_us.sqlite-shm */,
				3F00F7561EDE6DCC002DBE9E /* philolog_us.sqlite */,
				3F00F7501EDB44DC002DBE9E /* newathu5.ttf */,
				3F85E8241ED27380007633D2 /* AppDelegate.swift */,
				3F85E8291ED27380007633D2 /* MasterViewController.swift */,
				3F9B9BE21EEF6E0500DF500E /* Settings.bundle */,
				3F85E82B1ED27380007633D2 /* DetailViewController.swift */,
				3F85E82D1ED27380007633D2 /* Main.storyboard */,
				3F85E8301ED27380007633D2 /* Assets.xcassets */,
				3F85E8321ED27380007633D2 /* LaunchScreen.storyboard */,
				3F85E8351ED27380007633D2 /* Info.plist */,
				3F85E8261ED27380007633D2 /* philolog_us.xcdatamodeld */,
				3FCA15101F84EB6500FBA200 /* PHTextField.swift */,
				3FB004281F84DB44008891AC /* PHTitleView.swift */,
				3FFFB60F20767ABC00ADEE53 /* DataManager.swift */,
				3FFFB61120792E4000ADEE53 /* NetworkManager.swift */,
			);
			path = philologus;
			sourceTree = "<group>";
		};
/* End PBXGroup section */

/* Begin PBXNativeTarget section */
		3F85E8201ED27380007633D2 /* philologus */ = {
			isa = PBXNativeTarget;
			buildConfigurationList = 3F85E8381ED27380007633D2 /* Build configuration list for PBXNativeTarget "philologus" */;
			buildPhases = (
				3F85E81D1ED27380007633D2 /* Sources */,
				3F85E81E1ED27380007633D2 /* Frameworks */,
				3F85E81F1ED27380007633D2 /* Resources */,
			);
			buildRules = (
			);
			dependencies = (
			);
			name = philologus;
			productName = philolog.us;
			productReference = 3F85E8211ED27380007633D2 /* philologus.app */;
			productType = "com.apple.product-type.application";
		};
/* End PBXNativeTarget section */

/* Begin PBXProject section */
		3F85E8191ED27380007633D2 /* Project object */ = {
			isa = PBXProject;
			attributes = {
				LastSwiftUpdateCheck = 0830;
				LastUpgradeCheck = 0930;
				ORGANIZATIONNAME = "Jeremy March";
				TargetAttributes = {
					3F85E8201ED27380007633D2 = {
						CreatedOnToolsVersion = 8.3.2;
						DevelopmentTeam = EFHC4XFZ38;
						LastSwiftMigration = 0900;
						ProvisioningStyle = Automatic;
						SystemCapabilities = {
							com.apple.ApplicationGroups.iOS = {
								enabled = 1;
							};
							com.apple.Keychain = {
								enabled = 0;
							};
							com.apple.iCloud = {
								enabled = 0;
							};
						};
					};
				};
			};
			buildConfigurationList = 3F85E81C1ED27380007633D2 /* Build configuration list for PBXProject "philologus" */;
			compatibilityVersion = "Xcode 3.2";
			developmentRegion = English;
			hasScannedForEncodings = 0;
			knownRegions = (
				en,
				Base,
			);
			mainGroup = 3F85E8181ED27380007633D2;
			productRefGroup = 3F85E8221ED27380007633D2 /* Products */;
			projectDirPath = "";
			projectRoot = "";
			targets = (
				3F85E8201ED27380007633D2 /* philologus */,
			);
		};
/* End PBXProject section */

/* Begin PBXResourcesBuildPhase section */
		3F85E81F1ED27380007633D2 /* Resources */ = {
			isa = PBXResourcesBuildPhase;
			buildActionMask = 2147483647;
			files = (
				3F85E8341ED27380007633D2 /* LaunchScreen.storyboard in Resources */,
				3F00F7571EDE6DCC002DBE9E /* philolog_us.sqlite in Resources */,
				3F00F7511EDB44DC002DBE9E /* newathu5.ttf in Resources */,
				3F48807F208ECDB30093924A /* newathu5.ttf in Resources */,
				3F85E8311ED27380007633D2 /* Assets.xcassets in Resources */,
				3F00F75A1EDE6FD2002DBE9E /* philolog_us.sqlite-wal in Resources */,
				3F00F75B1EDE6FD2002DBE9E /* philolog_us.sqlite-shm in Resources */,
				3F48807E208ECDB30093924A /* LICENSE in Resources */,
				3F488087208ECDB30093924A /* Info.plist in Resources */,
				3F9B9BE31EEF6E0500DF500E /* Settings.bundle in Resources */,
				3F85E82F1ED27380007633D2 /* Main.storyboard in Resources */,
			);
			runOnlyForDeploymentPostprocessing = 0;
		};
/* End PBXResourcesBuildPhase section */

/* Begin PBXSourcesBuildPhase section */
		3F85E81D1ED27380007633D2 /* Sources */ = {
			isa = PBXSourcesBuildPhase;
			buildActionMask = 2147483647;
			files = (
				3F48807D208ECDB30093924A /* HCbutton.swift in Sources */,
				3F7B7E1D207982E0008A846A /* GreekDefs+CoreDataProperties.swift in Sources */,
				3F7B7E212079CB4F008A846A /* RequestQueue+CoreDataProperties.swift in Sources */,
				3FFFB61020767ABC00ADEE53 /* DataManager.swift in Sources */,
				3F00F7681EE0ADE2002DBE9E /* LatinWords+CoreDataClass.swift in Sources */,
				3FCA15111F84EB6500FBA200 /* PHTextField.swift in Sources */,
				3F85E8251ED27380007633D2 /* AppDelegate.swift in Sources */,
				3F488085208ECDB30093924A /* HCSpaceButton.swift in Sources */,
				3F488082208ECDB30093924A /* utilities.c in Sources */,
				3F488088208ECDB30093924A /* HCDeleteButton.swift in Sources */,
				3F488081208ECDB30093924A /* accent.c in Sources */,
				3F488089208ECDB30093924A /* HCPunctuationButton.swift in Sources */,
				3F7B7E19207982C3008A846A /* LatinDefs+CoreDataProperties.swift in Sources */,
				3F85E8281ED27380007633D2 /* philolog_us.xcdatamodeld in Sources */,
				3F48808A208ECDB30093924A /* HCKeyboardView.swift in Sources */,
				3FFFB61220792E4000ADEE53 /* NetworkManager.swift in Sources */,
				3F48807C208ECDB30093924A /* HCEnterButton.swift in Sources */,
				3F85E82A1ED27380007633D2 /* MasterViewController.swift in Sources */,
				3F7B7E18207982C3008A846A /* LatinDefs+CoreDataClass.swift in Sources */,
				3F488086208ECDB30093924A /* HCAccentButton.swift in Sources */,
				3FB004291F84DB44008891AC /* PHTitleView.swift in Sources */,
				3F488084208ECDB30093924A /* KeyboardViewController.swift in Sources */,
				3F7B7E1C207982E0008A846A /* GreekDefs+CoreDataClass.swift in Sources */,
				3F7B7E202079CB4F008A846A /* RequestQueue+CoreDataClass.swift in Sources */,
				3F85E82C1ED27380007633D2 /* DetailViewController.swift in Sources */,
				3F00F7691EE0ADE2002DBE9E /* LatinWords+CoreDataProperties.swift in Sources */,
				3F00F7671EE0ADE2002DBE9E /* GreekWords+CoreDataProperties.swift in Sources */,
				3F488080208ECDB30093924A /* HCCapsLockButton.swift in Sources */,
				3F488083208ECDB30093924A /* HCGlobeButton.swift in Sources */,
				3F00F7661EE0ADE2002DBE9E /* GreekWords+CoreDataClass.swift in Sources */,
			);
			runOnlyForDeploymentPostprocessing = 0;
		};
/* End PBXSourcesBuildPhase section */

/* Begin PBXVariantGroup section */
		3F85E82D1ED27380007633D2 /* Main.storyboard */ = {
			isa = PBXVariantGroup;
			children = (
				3F85E82E1ED27380007633D2 /* Base */,
			);
			name = Main.storyboard;
			sourceTree = "<group>";
		};
		3F85E8321ED27380007633D2 /* LaunchScreen.storyboard */ = {
			isa = PBXVariantGroup;
			children = (
				3F85E8331ED27380007633D2 /* Base */,
			);
			name = LaunchScreen.storyboard;
			sourceTree = "<group>";
		};
/* End PBXVariantGroup section */

/* Begin XCBuildConfiguration section */
		3F85E8361ED27380007633D2 /* Debug */ = {
			isa = XCBuildConfiguration;
			buildSettings = {
				ALWAYS_SEARCH_USER_PATHS = NO;
				CLANG_ANALYZER_NONNULL = YES;
				CLANG_ANALYZER_NUMBER_OBJECT_CONVERSION = YES_AGGRESSIVE;
				CLANG_CXX_LANGUAGE_STANDARD = "gnu++0x";
				CLANG_CXX_LIBRARY = "libc++";
				CLANG_ENABLE_MODULES = YES;
				CLANG_ENABLE_OBJC_ARC = YES;
				CLANG_WARN_BLOCK_CAPTURE_AUTORELEASING = YES;
				CLANG_WARN_BOOL_CONVERSION = YES;
				CLANG_WARN_COMMA = YES;
				CLANG_WARN_CONSTANT_CONVERSION = YES;
				CLANG_WARN_DEPRECATED_OBJC_IMPLEMENTATIONS = YES;
				CLANG_WARN_DIRECT_OBJC_ISA_USAGE = YES_ERROR;
				CLANG_WARN_DOCUMENTATION_COMMENTS = YES;
				CLANG_WARN_EMPTY_BODY = YES;
				CLANG_WARN_ENUM_CONVERSION = YES;
				CLANG_WARN_INFINITE_RECURSION = YES;
				CLANG_WARN_INT_CONVERSION = YES;
				CLANG_WARN_NON_LITERAL_NULL_CONVERSION = YES;
				CLANG_WARN_OBJC_IMPLICIT_RETAIN_SELF = YES;
				CLANG_WARN_OBJC_LITERAL_CONVERSION = YES;
				CLANG_WARN_OBJC_ROOT_CLASS = YES_ERROR;
				CLANG_WARN_RANGE_LOOP_ANALYSIS = YES;
				CLANG_WARN_STRICT_PROTOTYPES = YES;
				CLANG_WARN_SUSPICIOUS_MOVE = YES;
				CLANG_WARN_UNREACHABLE_CODE = YES;
				CLANG_WARN__DUPLICATE_METHOD_MATCH = YES;
				"CODE_SIGN_IDENTITY[sdk=iphoneos*]" = "iPhone Developer";
				COPY_PHASE_STRIP = NO;
				DEBUG_INFORMATION_FORMAT = dwarf;
				ENABLE_STRICT_OBJC_MSGSEND = YES;
				ENABLE_TESTABILITY = YES;
				GCC_C_LANGUAGE_STANDARD = gnu99;
				GCC_DYNAMIC_NO_PIC = NO;
				GCC_NO_COMMON_BLOCKS = YES;
				GCC_OPTIMIZATION_LEVEL = 0;
				GCC_PREPROCESSOR_DEFINITIONS = (
					"DEBUG=1",
					"$(inherited)",
				);
				GCC_WARN_64_TO_32_BIT_CONVERSION = YES;
				GCC_WARN_ABOUT_RETURN_TYPE = YES_ERROR;
				GCC_WARN_UNDECLARED_SELECTOR = YES;
				GCC_WARN_UNINITIALIZED_AUTOS = YES_AGGRESSIVE;
				GCC_WARN_UNUSED_FUNCTION = YES;
				GCC_WARN_UNUSED_VARIABLE = YES;
				IPHONEOS_DEPLOYMENT_TARGET = 8.0;
				MTL_ENABLE_DEBUG_INFO = YES;
				ONLY_ACTIVE_ARCH = YES;
				SDKROOT = iphoneos;
				SWIFT_ACTIVE_COMPILATION_CONDITIONS = DEBUG;
				SWIFT_OPTIMIZATION_LEVEL = "-Onone";
				TARGETED_DEVICE_FAMILY = "1,2";
			};
			name = Debug;
		};
		3F85E8371ED27380007633D2 /* Release */ = {
			isa = XCBuildConfiguration;
			buildSettings = {
				ALWAYS_SEARCH_USER_PATHS = NO;
				CLANG_ANALYZER_NONNULL = YES;
				CLANG_ANALYZER_NUMBER_OBJECT_CONVERSION = YES_AGGRESSIVE;
				CLANG_CXX_LANGUAGE_STANDARD = "gnu++0x";
				CLANG_CXX_LIBRARY = "libc++";
				CLANG_ENABLE_MODULES = YES;
				CLANG_ENABLE_OBJC_ARC = YES;
				CLANG_WARN_BLOCK_CAPTURE_AUTORELEASING = YES;
				CLANG_WARN_BOOL_CONVERSION = YES;
				CLANG_WARN_COMMA = YES;
				CLANG_WARN_CONSTANT_CONVERSION = YES;
				CLANG_WARN_DEPRECATED_OBJC_IMPLEMENTATIONS = YES;
				CLANG_WARN_DIRECT_OBJC_ISA_USAGE = YES_ERROR;
				CLANG_WARN_DOCUMENTATION_COMMENTS = YES;
				CLANG_WARN_EMPTY_BODY = YES;
				CLANG_WARN_ENUM_CONVERSION = YES;
				CLANG_WARN_INFINITE_RECURSION = YES;
				CLANG_WARN_INT_CONVERSION = YES;
				CLANG_WARN_NON_LITERAL_NULL_CONVERSION = YES;
				CLANG_WARN_OBJC_IMPLICIT_RETAIN_SELF = YES;
				CLANG_WARN_OBJC_LITERAL_CONVERSION = YES;
				CLANG_WARN_OBJC_ROOT_CLASS = YES_ERROR;
				CLANG_WARN_RANGE_LOOP_ANALYSIS = YES;
				CLANG_WARN_STRICT_PROTOTYPES = YES;
				CLANG_WARN_SUSPICIOUS_MOVE = YES;
				CLANG_WARN_UNREACHABLE_CODE = YES;
				CLANG_WARN__DUPLICATE_METHOD_MATCH = YES;
				"CODE_SIGN_IDENTITY[sdk=iphoneos*]" = "iPhone Developer";
				COPY_PHASE_STRIP = NO;
				DEBUG_INFORMATION_FORMAT = "dwarf-with-dsym";
				ENABLE_NS_ASSERTIONS = NO;
				ENABLE_STRICT_OBJC_MSGSEND = YES;
				GCC_C_LANGUAGE_STANDARD = gnu99;
				GCC_NO_COMMON_BLOCKS = YES;
				GCC_WARN_64_TO_32_BIT_CONVERSION = YES;
				GCC_WARN_ABOUT_RETURN_TYPE = YES_ERROR;
				GCC_WARN_UNDECLARED_SELECTOR = YES;
				GCC_WARN_UNINITIALIZED_AUTOS = YES_AGGRESSIVE;
				GCC_WARN_UNUSED_FUNCTION = YES;
				GCC_WARN_UNUSED_VARIABLE = YES;
				IPHONEOS_DEPLOYMENT_TARGET = 8.0;
				MTL_ENABLE_DEBUG_INFO = NO;
				SDKROOT = iphoneos;
				SWIFT_OPTIMIZATION_LEVEL = "-Owholemodule";
				TARGETED_DEVICE_FAMILY = "1,2";
				VALIDATE_PRODUCT = YES;
			};
			name = Release;
		};
		3F85E8391ED27380007633D2 /* Debug */ = {
			isa = XCBuildConfiguration;
			buildSettings = {
				ASSETCATALOG_COMPILER_APPICON_NAME = AppIcon;
				CODE_SIGN_ENTITLEMENTS = philologus/philologus.entitlements;
				"CODE_SIGN_IDENTITY[sdk=iphoneos*]" = "iPhone Developer";
				CODE_SIGN_STYLE = Automatic;
				DEVELOPMENT_TEAM = EFHC4XFZ38;
				INFOPLIST_FILE = philologus/Info.plist;
				IPHONEOS_DEPLOYMENT_TARGET = 8.0;
				LD_RUNPATH_SEARCH_PATHS = "$(inherited) @executable_path/Frameworks";
				PRODUCT_BUNDLE_IDENTIFIER = com.philolog.philologus;
				PRODUCT_NAME = "$(TARGET_NAME)";
				PROVISIONING_PROFILE = "";
				PROVISIONING_PROFILE_SPECIFIER = "";
				SWIFT_OBJC_BRIDGING_HEADER = "HCPolytonicGreekKB/HCPolytonicGreekKB-Bridging-Header.h";
				SWIFT_SWIFT3_OBJC_INFERENCE = Default;
				SWIFT_VERSION = 4.0;
			};
			name = Debug;
		};
		3F85E83A1ED27380007633D2 /* Release */ = {
			isa = XCBuildConfiguration;
			buildSettings = {
				ASSETCATALOG_COMPILER_APPICON_NAME = AppIcon;
				CODE_SIGN_ENTITLEMENTS = philologus/philologus.entitlements;
				"CODE_SIGN_IDENTITY[sdk=iphoneos*]" = "iPhone Developer";
				CODE_SIGN_STYLE = Automatic;
				DEVELOPMENT_TEAM = EFHC4XFZ38;
				INFOPLIST_FILE = philologus/Info.plist;
				IPHONEOS_DEPLOYMENT_TARGET = 8.0;
				LD_RUNPATH_SEARCH_PATHS = "$(inherited) @executable_path/Frameworks";
				PRODUCT_BUNDLE_IDENTIFIER = com.philolog.philologus;
				PRODUCT_NAME = "$(TARGET_NAME)";
				PROVISIONING_PROFILE_SPECIFIER = "";
				SWIFT_OBJC_BRIDGING_HEADER = "HCPolytonicGreekKB/HCPolytonicGreekKB-Bridging-Header.h";
				SWIFT_SWIFT3_OBJC_INFERENCE = Default;
				SWIFT_VERSION = 4.0;
			};
			name = Release;
		};
/* End XCBuildConfiguration section */

/* Begin XCConfigurationList section */
		3F85E81C1ED27380007633D2 /* Build configuration list for PBXProject "philologus" */ = {
			isa = XCConfigurationList;
			buildConfigurations = (
				3F85E8361ED27380007633D2 /* Debug */,
				3F85E8371ED27380007633D2 /* Release */,
			);
			defaultConfigurationIsVisible = 0;
			defaultConfigurationName = Release;
		};
		3F85E8381ED27380007633D2 /* Build configuration list for PBXNativeTarget "philologus" */ = {
			isa = XCConfigurationList;
			buildConfigurations = (
				3F85E8391ED27380007633D2 /* Debug */,
				3F85E83A1ED27380007633D2 /* Release */,
			);
			defaultConfigurationIsVisible = 0;
			defaultConfigurationName = Release;
		};
/* End XCConfigurationList section */

/* Begin XCVersionGroup section */
		3F85E8261ED27380007633D2 /* philolog_us.xcdatamodeld */ = {
			isa = XCVersionGroup;
			children = (
				3F85E8271ED27380007633D2 /* philolog_us.xcdatamodel */,
			);
			currentVersion = 3F85E8271ED27380007633D2 /* philolog_us.xcdatamodel */;
			path = philolog_us.xcdatamodeld;
			sourceTree = "<group>";
			versionGroupType = wrapper.xcdatamodel;
		};
/* End XCVersionGroup section */
	};
	rootObject = 3F85E8191ED27380007633D2 /* Project object */;
}
